
Microsoft Visual Studio Solution File, Format Version 12.00
# Visual Studio Version 16
VisualStudioVersion = 16.0.28407.52
MinimumVisualStudioVersion = 10.0.40219.1
Project("{2150E333-8FDC-42A3-9474-1A3956D46DE8}") = "_", "_", "{CB8885DA-CA9C-41C5-A427-3D186A49FAC4}"
	ProjectSection(SolutionItems) = preProject
		.dockerignore = .dockerignore
		.editorconfig = .editorconfig
		.gitignore = .gitignore
		docker-compose-graphql.dev.yml = docker-compose-graphql.dev.yml
		docker-compose-graphql.headless.yml = docker-compose-graphql.headless.yml
		docker-compose-graphql.yml = docker-compose-graphql.yml
		docker-compose.yml = docker-compose.yml
		global.json = global.json
		LICENSE = LICENSE
		NuGet.config = NuGet.config
		README.md = README.md
	EndProjectSection
EndProject
Project("{2150E333-8FDC-42A3-9474-1A3956D46DE8}") = "BuildingBlocks", "BuildingBlocks", "{26934151-CB68-49E8-8507-0331B86424AC}"
EndProject
Project("{2150E333-8FDC-42A3-9474-1A3956D46DE8}") = "Services", "Services", "{09BCCF6A-4F53-4861-ADE3-C2070E12C3AA}"
EndProject
Project("{2150E333-8FDC-42A3-9474-1A3956D46DE8}") = "Schema", "Schema", "{4B0985A8-C492-464B-9472-FC715FC34154}"
EndProject
Project("{2150E333-8FDC-42A3-9474-1A3956D46DE8}") = "gql", "gql", "{7C8B3C68-2C4B-462E-9D7B-326ED84829F7}"
	ProjectSection(SolutionItems) = preProject
		src\schema\gql\coolstore.graphql = src\schema\gql\coolstore.graphql
	EndProjectSection
EndProject
Project("{2150E333-8FDC-42A3-9474-1A3956D46DE8}") = "grpc", "grpc", "{67D8F1E3-5EB3-4C96-8641-E05AEEC0361A}"
EndProject
Project("{2150E333-8FDC-42A3-9474-1A3956D46DE8}") = "v1", "v1", "{BBACAD23-F563-4F74-9925-F9C9F72A3CB0}"
	ProjectSection(SolutionItems) = preProject
		src\schema\grpc\v1\cart_api.proto = src\schema\grpc\v1\cart_api.proto
		src\schema\grpc\v1\cart_dto.proto = src\schema\grpc\v1\cart_dto.proto
		src\schema\grpc\v1\cart_evt.proto = src\schema\grpc\v1\cart_evt.proto
		src\schema\grpc\v1\catalog_api.proto = src\schema\grpc\v1\catalog_api.proto
		src\schema\grpc\v1\catalog_dto.proto = src\schema\grpc\v1\catalog_dto.proto
		src\schema\grpc\v1\catalog_evt.proto = src\schema\grpc\v1\catalog_evt.proto
		src\schema\grpc\v1\inventory_api.proto = src\schema\grpc\v1\inventory_api.proto
		src\schema\grpc\v1\inventory_dto.proto = src\schema\grpc\v1\inventory_dto.proto
		src\schema\grpc\v1\inventory_evt.proto = src\schema\grpc\v1\inventory_evt.proto
		src\schema\grpc\v1\rating.proto = src\schema\grpc\v1\rating.proto
	EndProjectSection
EndProject
Project("{2150E333-8FDC-42A3-9474-1A3956D46DE8}") = "Gateways", "Gateways", "{B3221A04-27F2-4D15-A3D5-4D72A04F2139}"
EndProject
Project("{9A19103F-16F7-4668-BE54-9A1E7A4F7556}") = "VND.CoolStore.WebApiGateway", "src\gateways\webapi-gateway\VND.CoolStore.WebApiGateway.csproj", "{C87C9059-60D6-4F09-9AE4-476CAF334E55}"
EndProject
Project("{9A19103F-16F7-4668-BE54-9A1E7A4F7556}") = "CloudNativeKit.Utils", "src\building-blocks\CloudNativeKit.Utils\CloudNativeKit.Utils.csproj", "{DA14D048-4F11-4DFD-8F1B-0B636549DFE5}"
EndProject
Project("{9A19103F-16F7-4668-BE54-9A1E7A4F7556}") = "CloudNativeKit.Domain", "src\building-blocks\CloudNativeKit.Domain\CloudNativeKit.Domain.csproj", "{7DD50A5B-A7DB-4302-A095-6CE311E5DA2F}"
EndProject
Project("{9A19103F-16F7-4668-BE54-9A1E7A4F7556}") = "VND.CoolStore.AccessControl", "src\microservices\access-control-service\VND.CoolStore.AccessControl\VND.CoolStore.AccessControl.csproj", "{99672404-E6E2-41CF-9F97-1C6CC6208424}"
EndProject
Project("{9A19103F-16F7-4668-BE54-9A1E7A4F7556}") = "VND.CoolStore.Inventory", "src\microservices\inventory-service\VND.CoolStore.Inventory\VND.CoolStore.Inventory.csproj", "{BD94A6CB-2541-4167-AB62-9FB4395EC741}"
EndProject
Project("{9A19103F-16F7-4668-BE54-9A1E7A4F7556}") = "VND.CoolStore.ShoppingCart.DataContracts", "src\microservices\shopping-cart-service\VND.CoolStore.ShoppingCart.DataContracts\VND.CoolStore.ShoppingCart.DataContracts.csproj", "{66D75FEF-6DA2-45BA-84E9-36396F3745AA}"
EndProject
Project("{2150E333-8FDC-42A3-9474-1A3956D46DE8}") = "ShoppingCartService", "ShoppingCartService", "{8216B21C-A2EB-4F5B-B20A-1C6A4E72210D}"
EndProject
Project("{9A19103F-16F7-4668-BE54-9A1E7A4F7556}") = "VND.CoolStore.ShoppingCart", "src\microservices\shopping-cart-service\VND.CoolStore.ShoppingCart\VND.CoolStore.ShoppingCart.csproj", "{C3F5F2FA-44C6-4CB6-A4F2-2E16A1F2B509}"
EndProject
Project("{9A19103F-16F7-4668-BE54-9A1E7A4F7556}") = "CloudNativeKit.Infrastructure", "src\building-blocks\CloudNativeKit.Infrastructure\CloudNativeKit.Infrastructure.csproj", "{45BED4D7-EDFC-4FBF-808B-5BC695E366F8}"
EndProject
Project("{9A19103F-16F7-4668-BE54-9A1E7A4F7556}") = "CloudNativeKit.Infrastructure.Bus", "src\building-blocks\CloudNativeKit.Infrastructure.Bus\CloudNativeKit.Infrastructure.Bus.csproj", "{6882828C-AFD5-4C4A-8BD2-76D9170074E2}"
EndProject
Project("{9A19103F-16F7-4668-BE54-9A1E7A4F7556}") = "VND.CoolStore.ProductCatalog", "src\microservices\product-catalog-service\VND.CoolStore.ProductCatalog\VND.CoolStore.ProductCatalog.csproj", "{FA6D1A01-2536-4C50-9144-E36117799226}"
EndProject
Project("{2150E333-8FDC-42A3-9474-1A3956D46DE8}") = "ProductCatalogService", "ProductCatalogService", "{E9EFAB71-E36C-4B75-A5E8-3BD63D7C4342}"
EndProject
Project("{9A19103F-16F7-4668-BE54-9A1E7A4F7556}") = "VND.CoolStore.ProductCatalog.DataContracts", "src\microservices\product-catalog-service\VND.CoolStore.ProductCatalog.DataContracts\VND.CoolStore.ProductCatalog.DataContracts.csproj", "{26E93D20-4016-4B8B-9450-3F08E65DEC06}"
EndProject
Project("{2150E333-8FDC-42A3-9474-1A3956D46DE8}") = "Migrations", "Migrations", "{59E8A90F-BAF6-455C-AFE8-6F931A4EF2D1}"
EndProject
Project("{9A19103F-16F7-4668-BE54-9A1E7A4F7556}") = "VND.CoolStore.DbMigration", "src\migrations\VND.CoolStore.DbMigration\VND.CoolStore.DbMigration.csproj", "{A929F949-CB66-43D3-9C71-320A2272F854}"
EndProject
Project("{9A19103F-16F7-4668-BE54-9A1E7A4F7556}") = "CloudNativeKit.Infrastructure.Data", "src\building-blocks\CloudNativeKit.Infrastructure.Data\CloudNativeKit.Infrastructure.Data.csproj", "{6490B011-FE14-41ED-BC97-0EA663EB120C}"
EndProject
Project("{9A19103F-16F7-4668-BE54-9A1E7A4F7556}") = "GrpcJsonTranscoder", "src\building-blocks\GrpcJsonTranscoder\GrpcJsonTranscoder.csproj", "{F6842E99-9828-46ED-AB3E-10E8277894C7}"
EndProject
Project("{9A19103F-16F7-4668-BE54-9A1E7A4F7556}") = "VND.CoolStore.ProductCatalog.Api", "src\microservices\product-catalog-service\VND.CoolStore.ProductCatalog.Api\VND.CoolStore.ProductCatalog.Api.csproj", "{1F806E9C-0B47-4231-BA3B-AE4B89FDF434}"
EndProject
Project("{9A19103F-16F7-4668-BE54-9A1E7A4F7556}") = "VND.CoolStore.ShoppingCart.Api", "src\microservices\shopping-cart-service\VND.CoolStore.ShoppingCart.Api\VND.CoolStore.ShoppingCart.Api.csproj", "{2113419B-47F7-4EA4-A370-F39B99E90E7D}"
EndProject
Project("{2150E333-8FDC-42A3-9474-1A3956D46DE8}") = "InventoryService", "InventoryService", "{83C697D1-302B-45FE-99D0-50D4A30C7731}"
EndProject
Project("{2150E333-8FDC-42A3-9474-1A3956D46DE8}") = "AccessControlService", "AccessControlService", "{6868D90D-7C59-489F-B81A-12498B6C348A}"
EndProject
Project("{9A19103F-16F7-4668-BE54-9A1E7A4F7556}") = "VND.CoolStore.Inventory.DataContracts", "src\microservices\inventory-service\VND.CoolStore.Inventory.DataContracts\VND.CoolStore.Inventory.DataContracts.csproj", "{E2ABF907-116D-4D9F-8902-CAD3D43D0172}"
EndProject
Project("{9A19103F-16F7-4668-BE54-9A1E7A4F7556}") = "VND.CoolStore.Inventory.Api", "src\microservices\inventory-service\VND.CoolStore.Inventory.Api\VND.CoolStore.Inventory.Api.csproj", "{B92DA838-5F21-4A55-AE36-ABB8ED578DDD}"
EndProject
Project("{2150E333-8FDC-42A3-9474-1A3956D46DE8}") = "SearchService", "SearchService", "{EDE6354B-8FB8-4AA4-A98C-1A2C3005C470}"
EndProject
Project("{9A19103F-16F7-4668-BE54-9A1E7A4F7556}") = "VND.CoolStore.Search", "src\microservices\search-service\VND.CoolStore.Search\VND.CoolStore.Search.csproj", "{EE51FF12-ECA3-4592-810F-0E0AFC16966C}"
EndProject
Project("{9A19103F-16F7-4668-BE54-9A1E7A4F7556}") = "VND.CoolStore.Search.Api", "src\microservices\search-service\VND.CoolStore.Search.Api\VND.CoolStore.Search.Api.csproj", "{C0E3FA9B-A2E3-46B5-9F43-7EF51D0D0D4B}"
EndProject
Project("{9A19103F-16F7-4668-BE54-9A1E7A4F7556}") = "VND.CoolStore.Search.DataContracts", "src\microservices\search-service\VND.CoolStore.Search.DataContracts\VND.CoolStore.Search.DataContracts.csproj", "{3E899680-A445-4335-9126-73C9DD7761EE}"
EndProject
Project("{FAE04EC0-301F-11D3-BF4B-00C04F79EFBC}") = "CloudNativeKit.Infrastructure.Tracing", "src\building-blocks\CloudNativeKit.Infrastructure.Tracing\CloudNativeKit.Infrastructure.Tracing.csproj", "{D0288822-C066-4B5B-9351-0D9D33E8E583}"
EndProject
Global
	GlobalSection(SolutionConfigurationPlatforms) = preSolution
		Debug|Any CPU = Debug|Any CPU
		Release|Any CPU = Release|Any CPU
	EndGlobalSection
	GlobalSection(ProjectConfigurationPlatforms) = postSolution
		{C87C9059-60D6-4F09-9AE4-476CAF334E55}.Debug|Any CPU.ActiveCfg = Debug|Any CPU
		{C87C9059-60D6-4F09-9AE4-476CAF334E55}.Debug|Any CPU.Build.0 = Debug|Any CPU
		{C87C9059-60D6-4F09-9AE4-476CAF334E55}.Release|Any CPU.ActiveCfg = Release|Any CPU
		{C87C9059-60D6-4F09-9AE4-476CAF334E55}.Release|Any CPU.Build.0 = Release|Any CPU
		{DA14D048-4F11-4DFD-8F1B-0B636549DFE5}.Debug|Any CPU.ActiveCfg = Debug|Any CPU
		{DA14D048-4F11-4DFD-8F1B-0B636549DFE5}.Debug|Any CPU.Build.0 = Debug|Any CPU
		{DA14D048-4F11-4DFD-8F1B-0B636549DFE5}.Release|Any CPU.ActiveCfg = Release|Any CPU
		{DA14D048-4F11-4DFD-8F1B-0B636549DFE5}.Release|Any CPU.Build.0 = Release|Any CPU
		{7DD50A5B-A7DB-4302-A095-6CE311E5DA2F}.Debug|Any CPU.ActiveCfg = Debug|Any CPU
		{7DD50A5B-A7DB-4302-A095-6CE311E5DA2F}.Debug|Any CPU.Build.0 = Debug|Any CPU
		{7DD50A5B-A7DB-4302-A095-6CE311E5DA2F}.Release|Any CPU.ActiveCfg = Release|Any CPU
		{7DD50A5B-A7DB-4302-A095-6CE311E5DA2F}.Release|Any CPU.Build.0 = Release|Any CPU
		{99672404-E6E2-41CF-9F97-1C6CC6208424}.Debug|Any CPU.ActiveCfg = Debug|Any CPU
		{99672404-E6E2-41CF-9F97-1C6CC6208424}.Debug|Any CPU.Build.0 = Debug|Any CPU
		{99672404-E6E2-41CF-9F97-1C6CC6208424}.Release|Any CPU.ActiveCfg = Release|Any CPU
		{99672404-E6E2-41CF-9F97-1C6CC6208424}.Release|Any CPU.Build.0 = Release|Any CPU
		{BD94A6CB-2541-4167-AB62-9FB4395EC741}.Debug|Any CPU.ActiveCfg = Debug|Any CPU
		{BD94A6CB-2541-4167-AB62-9FB4395EC741}.Debug|Any CPU.Build.0 = Debug|Any CPU
		{BD94A6CB-2541-4167-AB62-9FB4395EC741}.Release|Any CPU.ActiveCfg = Release|Any CPU
		{BD94A6CB-2541-4167-AB62-9FB4395EC741}.Release|Any CPU.Build.0 = Release|Any CPU
		{66D75FEF-6DA2-45BA-84E9-36396F3745AA}.Debug|Any CPU.ActiveCfg = Debug|Any CPU
		{66D75FEF-6DA2-45BA-84E9-36396F3745AA}.Debug|Any CPU.Build.0 = Debug|Any CPU
		{66D75FEF-6DA2-45BA-84E9-36396F3745AA}.Release|Any CPU.ActiveCfg = Release|Any CPU
		{66D75FEF-6DA2-45BA-84E9-36396F3745AA}.Release|Any CPU.Build.0 = Release|Any CPU
		{C3F5F2FA-44C6-4CB6-A4F2-2E16A1F2B509}.Debug|Any CPU.ActiveCfg = Debug|Any CPU
		{C3F5F2FA-44C6-4CB6-A4F2-2E16A1F2B509}.Debug|Any CPU.Build.0 = Debug|Any CPU
		{C3F5F2FA-44C6-4CB6-A4F2-2E16A1F2B509}.Release|Any CPU.ActiveCfg = Release|Any CPU
		{C3F5F2FA-44C6-4CB6-A4F2-2E16A1F2B509}.Release|Any CPU.Build.0 = Release|Any CPU
		{45BED4D7-EDFC-4FBF-808B-5BC695E366F8}.Debug|Any CPU.ActiveCfg = Debug|Any CPU
		{45BED4D7-EDFC-4FBF-808B-5BC695E366F8}.Debug|Any CPU.Build.0 = Debug|Any CPU
		{45BED4D7-EDFC-4FBF-808B-5BC695E366F8}.Release|Any CPU.ActiveCfg = Release|Any CPU
		{45BED4D7-EDFC-4FBF-808B-5BC695E366F8}.Release|Any CPU.Build.0 = Release|Any CPU
		{6882828C-AFD5-4C4A-8BD2-76D9170074E2}.Debug|Any CPU.ActiveCfg = Debug|Any CPU
		{6882828C-AFD5-4C4A-8BD2-76D9170074E2}.Debug|Any CPU.Build.0 = Debug|Any CPU
		{6882828C-AFD5-4C4A-8BD2-76D9170074E2}.Release|Any CPU.ActiveCfg = Release|Any CPU
		{6882828C-AFD5-4C4A-8BD2-76D9170074E2}.Release|Any CPU.Build.0 = Release|Any CPU
		{FA6D1A01-2536-4C50-9144-E36117799226}.Debug|Any CPU.ActiveCfg = Debug|Any CPU
		{FA6D1A01-2536-4C50-9144-E36117799226}.Debug|Any CPU.Build.0 = Debug|Any CPU
		{FA6D1A01-2536-4C50-9144-E36117799226}.Release|Any CPU.ActiveCfg = Release|Any CPU
		{FA6D1A01-2536-4C50-9144-E36117799226}.Release|Any CPU.Build.0 = Release|Any CPU
		{26E93D20-4016-4B8B-9450-3F08E65DEC06}.Debug|Any CPU.ActiveCfg = Debug|Any CPU
		{26E93D20-4016-4B8B-9450-3F08E65DEC06}.Debug|Any CPU.Build.0 = Debug|Any CPU
		{26E93D20-4016-4B8B-9450-3F08E65DEC06}.Release|Any CPU.ActiveCfg = Release|Any CPU
		{26E93D20-4016-4B8B-9450-3F08E65DEC06}.Release|Any CPU.Build.0 = Release|Any CPU
		{A929F949-CB66-43D3-9C71-320A2272F854}.Debug|Any CPU.ActiveCfg = Debug|Any CPU
		{A929F949-CB66-43D3-9C71-320A2272F854}.Debug|Any CPU.Build.0 = Debug|Any CPU
		{A929F949-CB66-43D3-9C71-320A2272F854}.Release|Any CPU.ActiveCfg = Release|Any CPU
		{A929F949-CB66-43D3-9C71-320A2272F854}.Release|Any CPU.Build.0 = Release|Any CPU
		{6490B011-FE14-41ED-BC97-0EA663EB120C}.Debug|Any CPU.ActiveCfg = Debug|Any CPU
		{6490B011-FE14-41ED-BC97-0EA663EB120C}.Debug|Any CPU.Build.0 = Debug|Any CPU
		{6490B011-FE14-41ED-BC97-0EA663EB120C}.Release|Any CPU.ActiveCfg = Release|Any CPU
		{6490B011-FE14-41ED-BC97-0EA663EB120C}.Release|Any CPU.Build.0 = Release|Any CPU
		{F6842E99-9828-46ED-AB3E-10E8277894C7}.Debug|Any CPU.ActiveCfg = Debug|Any CPU
		{F6842E99-9828-46ED-AB3E-10E8277894C7}.Debug|Any CPU.Build.0 = Debug|Any CPU
		{F6842E99-9828-46ED-AB3E-10E8277894C7}.Release|Any CPU.ActiveCfg = Release|Any CPU
		{F6842E99-9828-46ED-AB3E-10E8277894C7}.Release|Any CPU.Build.0 = Release|Any CPU
		{1F806E9C-0B47-4231-BA3B-AE4B89FDF434}.Debug|Any CPU.ActiveCfg = Debug|Any CPU
		{1F806E9C-0B47-4231-BA3B-AE4B89FDF434}.Debug|Any CPU.Build.0 = Debug|Any CPU
		{1F806E9C-0B47-4231-BA3B-AE4B89FDF434}.Release|Any CPU.ActiveCfg = Release|Any CPU
		{1F806E9C-0B47-4231-BA3B-AE4B89FDF434}.Release|Any CPU.Build.0 = Release|Any CPU
		{2113419B-47F7-4EA4-A370-F39B99E90E7D}.Debug|Any CPU.ActiveCfg = Debug|Any CPU
		{2113419B-47F7-4EA4-A370-F39B99E90E7D}.Debug|Any CPU.Build.0 = Debug|Any CPU
		{2113419B-47F7-4EA4-A370-F39B99E90E7D}.Release|Any CPU.ActiveCfg = Release|Any CPU
		{2113419B-47F7-4EA4-A370-F39B99E90E7D}.Release|Any CPU.Build.0 = Release|Any CPU
		{E2ABF907-116D-4D9F-8902-CAD3D43D0172}.Debug|Any CPU.ActiveCfg = Debug|Any CPU
		{E2ABF907-116D-4D9F-8902-CAD3D43D0172}.Debug|Any CPU.Build.0 = Debug|Any CPU
		{E2ABF907-116D-4D9F-8902-CAD3D43D0172}.Release|Any CPU.ActiveCfg = Release|Any CPU
		{E2ABF907-116D-4D9F-8902-CAD3D43D0172}.Release|Any CPU.Build.0 = Release|Any CPU
		{B92DA838-5F21-4A55-AE36-ABB8ED578DDD}.Debug|Any CPU.ActiveCfg = Debug|Any CPU
		{B92DA838-5F21-4A55-AE36-ABB8ED578DDD}.Debug|Any CPU.Build.0 = Debug|Any CPU
		{B92DA838-5F21-4A55-AE36-ABB8ED578DDD}.Release|Any CPU.ActiveCfg = Release|Any CPU
		{B92DA838-5F21-4A55-AE36-ABB8ED578DDD}.Release|Any CPU.Build.0 = Release|Any CPU
		{EE51FF12-ECA3-4592-810F-0E0AFC16966C}.Debug|Any CPU.ActiveCfg = Debug|Any CPU
		{EE51FF12-ECA3-4592-810F-0E0AFC16966C}.Debug|Any CPU.Build.0 = Debug|Any CPU
		{EE51FF12-ECA3-4592-810F-0E0AFC16966C}.Release|Any CPU.ActiveCfg = Release|Any CPU
		{EE51FF12-ECA3-4592-810F-0E0AFC16966C}.Release|Any CPU.Build.0 = Release|Any CPU
		{C0E3FA9B-A2E3-46B5-9F43-7EF51D0D0D4B}.Debug|Any CPU.ActiveCfg = Debug|Any CPU
		{C0E3FA9B-A2E3-46B5-9F43-7EF51D0D0D4B}.Debug|Any CPU.Build.0 = Debug|Any CPU
		{C0E3FA9B-A2E3-46B5-9F43-7EF51D0D0D4B}.Release|Any CPU.ActiveCfg = Release|Any CPU
		{C0E3FA9B-A2E3-46B5-9F43-7EF51D0D0D4B}.Release|Any CPU.Build.0 = Release|Any CPU
		{3E899680-A445-4335-9126-73C9DD7761EE}.Debug|Any CPU.ActiveCfg = Debug|Any CPU
		{3E899680-A445-4335-9126-73C9DD7761EE}.Debug|Any CPU.Build.0 = Debug|Any CPU
		{3E899680-A445-4335-9126-73C9DD7761EE}.Release|Any CPU.ActiveCfg = Release|Any CPU
		{3E899680-A445-4335-9126-73C9DD7761EE}.Release|Any CPU.Build.0 = Release|Any CPU
		{D0288822-C066-4B5B-9351-0D9D33E8E583}.Debug|Any CPU.ActiveCfg = Debug|Any CPU
		{D0288822-C066-4B5B-9351-0D9D33E8E583}.Debug|Any CPU.Build.0 = Debug|Any CPU
		{D0288822-C066-4B5B-9351-0D9D33E8E583}.Release|Any CPU.ActiveCfg = Release|Any CPU
		{D0288822-C066-4B5B-9351-0D9D33E8E583}.Release|Any CPU.Build.0 = Release|Any CPU
	EndGlobalSection
	GlobalSection(SolutionProperties) = preSolution
		HideSolutionNode = FALSE
	EndGlobalSection
	GlobalSection(NestedProjects) = preSolution
		{7C8B3C68-2C4B-462E-9D7B-326ED84829F7} = {4B0985A8-C492-464B-9472-FC715FC34154}
		{67D8F1E3-5EB3-4C96-8641-E05AEEC0361A} = {4B0985A8-C492-464B-9472-FC715FC34154}
		{BBACAD23-F563-4F74-9925-F9C9F72A3CB0} = {67D8F1E3-5EB3-4C96-8641-E05AEEC0361A}
		{C87C9059-60D6-4F09-9AE4-476CAF334E55} = {B3221A04-27F2-4D15-A3D5-4D72A04F2139}
		{DA14D048-4F11-4DFD-8F1B-0B636549DFE5} = {26934151-CB68-49E8-8507-0331B86424AC}
		{7DD50A5B-A7DB-4302-A095-6CE311E5DA2F} = {26934151-CB68-49E8-8507-0331B86424AC}
		{99672404-E6E2-41CF-9F97-1C6CC6208424} = {6868D90D-7C59-489F-B81A-12498B6C348A}
		{BD94A6CB-2541-4167-AB62-9FB4395EC741} = {83C697D1-302B-45FE-99D0-50D4A30C7731}
		{66D75FEF-6DA2-45BA-84E9-36396F3745AA} = {8216B21C-A2EB-4F5B-B20A-1C6A4E72210D}
		{8216B21C-A2EB-4F5B-B20A-1C6A4E72210D} = {09BCCF6A-4F53-4861-ADE3-C2070E12C3AA}
		{C3F5F2FA-44C6-4CB6-A4F2-2E16A1F2B509} = {8216B21C-A2EB-4F5B-B20A-1C6A4E72210D}
		{45BED4D7-EDFC-4FBF-808B-5BC695E366F8} = {26934151-CB68-49E8-8507-0331B86424AC}
		{6882828C-AFD5-4C4A-8BD2-76D9170074E2} = {26934151-CB68-49E8-8507-0331B86424AC}
		{FA6D1A01-2536-4C50-9144-E36117799226} = {E9EFAB71-E36C-4B75-A5E8-3BD63D7C4342}
		{E9EFAB71-E36C-4B75-A5E8-3BD63D7C4342} = {09BCCF6A-4F53-4861-ADE3-C2070E12C3AA}
		{26E93D20-4016-4B8B-9450-3F08E65DEC06} = {E9EFAB71-E36C-4B75-A5E8-3BD63D7C4342}
		{A929F949-CB66-43D3-9C71-320A2272F854} = {59E8A90F-BAF6-455C-AFE8-6F931A4EF2D1}
		{6490B011-FE14-41ED-BC97-0EA663EB120C} = {26934151-CB68-49E8-8507-0331B86424AC}
		{F6842E99-9828-46ED-AB3E-10E8277894C7} = {26934151-CB68-49E8-8507-0331B86424AC}
		{1F806E9C-0B47-4231-BA3B-AE4B89FDF434} = {E9EFAB71-E36C-4B75-A5E8-3BD63D7C4342}
		{2113419B-47F7-4EA4-A370-F39B99E90E7D} = {8216B21C-A2EB-4F5B-B20A-1C6A4E72210D}
		{83C697D1-302B-45FE-99D0-50D4A30C7731} = {09BCCF6A-4F53-4861-ADE3-C2070E12C3AA}
		{6868D90D-7C59-489F-B81A-12498B6C348A} = {09BCCF6A-4F53-4861-ADE3-C2070E12C3AA}
		{E2ABF907-116D-4D9F-8902-CAD3D43D0172} = {83C697D1-302B-45FE-99D0-50D4A30C7731}
		{B92DA838-5F21-4A55-AE36-ABB8ED578DDD} = {83C697D1-302B-45FE-99D0-50D4A30C7731}
		{EDE6354B-8FB8-4AA4-A98C-1A2C3005C470} = {09BCCF6A-4F53-4861-ADE3-C2070E12C3AA}
		{EE51FF12-ECA3-4592-810F-0E0AFC16966C} = {EDE6354B-8FB8-4AA4-A98C-1A2C3005C470}
		{C0E3FA9B-A2E3-46B5-9F43-7EF51D0D0D4B} = {EDE6354B-8FB8-4AA4-A98C-1A2C3005C470}
		{3E899680-A445-4335-9126-73C9DD7761EE} = {EDE6354B-8FB8-4AA4-A98C-1A2C3005C470}
		{D0288822-C066-4B5B-9351-0D9D33E8E583} = {26934151-CB68-49E8-8507-0331B86424AC}
	EndGlobalSection
	GlobalSection(ExtensibilityGlobals) = postSolution
		SolutionGuid = {277B7E0A-BA8E-4DF8-ABD5-890801FC76F8}
	EndGlobalSection
EndGlobal
