
Microsoft Visual Studio Solution File, Format Version 12.00
# Visual Studio Version 16
VisualStudioVersion = 16.0.28407.52
MinimumVisualStudioVersion = 10.0.40219.1
Project("{9A19103F-16F7-4668-BE54-9A1E7A4F7556}") = "VND.CoolStore.Services.Inventory", "src\services\inventory\VND.CoolStore.Services.Inventory.csproj", "{28D917C6-BB4D-4064-AF0B-1978AC477C96}"
EndProject
Project("{9A19103F-16F7-4668-BE54-9A1E7A4F7556}") = "VND.CoolStore.Services.Idp", "src\services\idp\VND.CoolStore.Services.Idp.csproj", "{2706AB23-A32E-4D4C-B2A2-AE0FE36F4973}"
EndProject
Project("{9A19103F-16F7-4668-BE54-9A1E7A4F7556}") = "VND.CoolStore.Services.Cart", "src\services\cart\VND.CoolStore.Services.Cart.csproj", "{40F083E3-9524-4E5F-8036-DCE1FC3C504A}"
EndProject
Project("{2150E333-8FDC-42A3-9474-1A3956D46DE8}") = "services", "services", "{A0F90A99-CAD3-491F-9079-D1680D659A9B}"
EndProject
Project("{2150E333-8FDC-42A3-9474-1A3956D46DE8}") = "Solution Items", "Solution Items", "{DEE9CA98-802A-4F8F-B9D7-2AE2758BA21F}"
	ProjectSection(SolutionItems) = preProject
		.dockerignore = .dockerignore
		.editorconfig = .editorconfig
		.gitignore = .gitignore
		azure-pipelines.yml = azure-pipelines.yml
		docker-compose-graphql.dev.yml = docker-compose-graphql.dev.yml
		docker-compose-graphql.headless.yml = docker-compose-graphql.headless.yml
		docker-compose-graphql.yml = docker-compose-graphql.yml
		docker-compose.yml = docker-compose.yml
		global.json = global.json
		LICENSE = LICENSE
		NuGet.config = NuGet.config
		README.md = README.md
	EndProjectSection
EndProject
Project("{2150E333-8FDC-42A3-9474-1A3956D46DE8}") = "_", "_", "{CB8885DA-CA9C-41C5-A427-3D186A49FAC4}"
EndProject
Project("{2150E333-8FDC-42A3-9474-1A3956D46DE8}") = "netcorekit", "netcorekit", "{C9ECAC4A-177D-421F-9C8D-7C12E2BEBA72}"
EndProject
Project("{9A19103F-16F7-4668-BE54-9A1E7A4F7556}") = "NetCoreKit.Domain", "src\netcorekit\src\NetCoreKit.Domain\NetCoreKit.Domain.csproj", "{31EB1A18-C45A-47B3-A269-D0A5AB1FB084}"
EndProject
Project("{9A19103F-16F7-4668-BE54-9A1E7A4F7556}") = "NetCoreKit.Utils", "src\netcorekit\src\NetCoreKit.Utils\NetCoreKit.Utils.csproj", "{D6B1F5AB-E402-48DA-A62A-8D8067621FD9}"
EndProject
Project("{9A19103F-16F7-4668-BE54-9A1E7A4F7556}") = "NetCoreKit.Infrastructure", "src\netcorekit\src\NetCoreKit.Infrastructure\NetCoreKit.Infrastructure.csproj", "{06EFB13E-B092-49E1-A02D-E530BF745CD6}"
EndProject
Project("{9A19103F-16F7-4668-BE54-9A1E7A4F7556}") = "NetCoreKit.Infrastructure.AspNetCore", "src\netcorekit\src\NetCoreKit.Infrastructure.AspNetCore\NetCoreKit.Infrastructure.AspNetCore.csproj", "{15A500B6-7022-4811-B295-FD12C086D956}"
EndProject
Project("{9A19103F-16F7-4668-BE54-9A1E7A4F7556}") = "NetCoreKit.Infrastructure.AspNetCore.All", "src\netcorekit\src\NetCoreKit.Infrastructure.AspNetCore.All\NetCoreKit.Infrastructure.AspNetCore.All.csproj", "{DF051B22-197E-4CC8-A9C3-61E060D84EAD}"
EndProject
Project("{9A19103F-16F7-4668-BE54-9A1E7A4F7556}") = "NetCoreKit.Infrastructure.AspNetCore.CleanArch", "src\netcorekit\src\NetCoreKit.Infrastructure.AspNetCore.CleanArch\NetCoreKit.Infrastructure.AspNetCore.CleanArch.csproj", "{E54AF489-0637-421B-9720-E495DACA9740}"
EndProject
Project("{9A19103F-16F7-4668-BE54-9A1E7A4F7556}") = "NetCoreKit.Infrastructure.AspNetCore.OpenApi", "src\netcorekit\src\NetCoreKit.Infrastructure.AspNetCore.OpenApi\NetCoreKit.Infrastructure.AspNetCore.OpenApi.csproj", "{FEE29ACE-A498-446E-B36A-C894ED6BEF39}"
EndProject
Project("{9A19103F-16F7-4668-BE54-9A1E7A4F7556}") = "NetCoreKit.Infrastructure.Bus", "src\netcorekit\src\NetCoreKit.Infrastructure.Bus\NetCoreKit.Infrastructure.Bus.csproj", "{1C934B74-92A1-4683-AA75-51E0AB0120BA}"
EndProject
Project("{9A19103F-16F7-4668-BE54-9A1E7A4F7556}") = "NetCoreKit.Infrastructure.Bus.Kafka", "src\netcorekit\src\NetCoreKit.Infrastructure.Bus.Kafka\NetCoreKit.Infrastructure.Bus.Kafka.csproj", "{1C85F1CB-B801-49CF-9A0F-4D5E8716C251}"
EndProject
Project("{9A19103F-16F7-4668-BE54-9A1E7A4F7556}") = "NetCoreKit.Infrastructure.Bus.Redis", "src\netcorekit\src\NetCoreKit.Infrastructure.Bus.Redis\NetCoreKit.Infrastructure.Bus.Redis.csproj", "{A0A35C26-635D-46CD-8FE5-7BF7172415CF}"
EndProject
Project("{9A19103F-16F7-4668-BE54-9A1E7A4F7556}") = "NetCoreKit.Infrastructure.EfCore", "src\netcorekit\src\NetCoreKit.Infrastructure.EfCore\NetCoreKit.Infrastructure.EfCore.csproj", "{99E7B0C1-012B-4B12-8BA1-B670F75B8B2E}"
EndProject
Project("{9A19103F-16F7-4668-BE54-9A1E7A4F7556}") = "NetCoreKit.Infrastructure.EfCore.MySql", "src\netcorekit\src\NetCoreKit.Infrastructure.EfCore.MySql\NetCoreKit.Infrastructure.EfCore.MySql.csproj", "{131BBC71-84B9-4731-8E71-588738C8A8F6}"
EndProject
Project("{9A19103F-16F7-4668-BE54-9A1E7A4F7556}") = "NetCoreKit.Infrastructure.EfCore.SqlServer", "src\netcorekit\src\NetCoreKit.Infrastructure.EfCore.SqlServer\NetCoreKit.Infrastructure.EfCore.SqlServer.csproj", "{0E328279-A2EA-40B6-B8F6-0BBD4CE55308}"
EndProject
Project("{9A19103F-16F7-4668-BE54-9A1E7A4F7556}") = "NetCoreKit.Infrastructure.Mongo", "src\netcorekit\src\NetCoreKit.Infrastructure.Mongo\NetCoreKit.Infrastructure.Mongo.csproj", "{E9ADFD5F-578E-4594-B8F2-CDAFE9C4BE1D}"
EndProject
Project("{2150E333-8FDC-42A3-9474-1A3956D46DE8}") = "grpc", "grpc", "{32C550EA-409E-409D-8183-3E1B6F7B1FF4}"
EndProject
Project("{2150E333-8FDC-42A3-9474-1A3956D46DE8}") = "v1", "v1", "{0F86D748-1E5B-4551-8872-C3C93BE5EE0B}"
	ProjectSection(SolutionItems) = preProject
		src\grpc\v1\cart.proto = src\grpc\v1\cart.proto
		src\grpc\v1\catalog.proto = src\grpc\v1\catalog.proto
		src\grpc\v1\common.proto = src\grpc\v1\common.proto
		src\grpc\v1\inventory.proto = src\grpc\v1\inventory.proto
		src\grpc\v1\rating.proto = src\grpc\v1\rating.proto
	EndProjectSection
EndProject
Project("{9A19103F-16F7-4668-BE54-9A1E7A4F7556}") = "VND.CoolStore.Services.OpenApi", "src\services\open-api\VND.CoolStore.Services.OpenApi.csproj", "{5F70D050-5511-4009-90AE-FC1BD032C396}"
EndProject
Project("{9A19103F-16F7-4668-BE54-9A1E7A4F7556}") = "VND.CoolStore.Services.GraphQL", "src\services\graphql\VND.CoolStore.Services.GraphQL.csproj", "{DCE5A7F0-8832-400B-BFA0-75756E8CEC87}"
EndProject
Project("{9A19103F-16F7-4668-BE54-9A1E7A4F7556}") = "NetCoreKit.Infrastructure.GrpcHost", "src\netcorekit\src\NetCoreKit.Infrastructure.GrpcHost\NetCoreKit.Infrastructure.GrpcHost.csproj", "{1338DC92-11FD-402D-9CD0-E020B53EAABD}"
EndProject
Project("{9A19103F-16F7-4668-BE54-9A1E7A4F7556}") = "NetCoreKit.GrpcTemplate.EfCore", "src\netcorekit\templates\NetCoreKit.GrpcTemplate.EfCore\NetCoreKit.GrpcTemplate.EfCore.csproj", "{97928591-9E4D-403D-AA0D-34B363F0BE19}"
EndProject
Project("{9A19103F-16F7-4668-BE54-9A1E7A4F7556}") = "NetCoreKit.GrpcTemplate.MongoDb", "src\netcorekit\templates\NetCoreKit.GrpcTemplate.MongoDb\NetCoreKit.GrpcTemplate.MongoDb.csproj", "{9D3EAF67-A054-467E-95DF-41639B1E0C51}"
EndProject
Project("{9A19103F-16F7-4668-BE54-9A1E7A4F7556}") = "NetCoreKit.GrpcTemplate.Standard", "src\netcorekit\templates\NetCoreKit.GrpcTemplate.Standard\NetCoreKit.GrpcTemplate.Standard.csproj", "{FA34558A-B463-414D-9DBD-AB2248DE3F85}"
EndProject
Project("{9A19103F-16F7-4668-BE54-9A1E7A4F7556}") = "NetCoreKit.RestTemplate.EfCore", "src\netcorekit\templates\NetCoreKit.RestTemplate.EfCore\NetCoreKit.RestTemplate.EfCore.csproj", "{204866E4-77B3-42B0-91BD-391BB6DA1DCF}"
EndProject
Project("{9A19103F-16F7-4668-BE54-9A1E7A4F7556}") = "NetCoreKit.RestTemplate.MongoDb", "src\netcorekit\templates\NetCoreKit.RestTemplate.MongoDb\NetCoreKit.RestTemplate.MongoDb.csproj", "{51B2C782-72F6-4DC1-8D8F-35B95DD75211}"
EndProject
Project("{9A19103F-16F7-4668-BE54-9A1E7A4F7556}") = "NetCoreKit.RestTemplate.Standard", "src\netcorekit\templates\NetCoreKit.RestTemplate.Standard\NetCoreKit.RestTemplate.Standard.csproj", "{B6A7144A-3C38-45D3-965E-7FA41C646E96}"
EndProject
Global
	GlobalSection(SolutionConfigurationPlatforms) = preSolution
		Debug|Any CPU = Debug|Any CPU
		Release|Any CPU = Release|Any CPU
	EndGlobalSection
	GlobalSection(ProjectConfigurationPlatforms) = postSolution
		{28D917C6-BB4D-4064-AF0B-1978AC477C96}.Debug|Any CPU.ActiveCfg = Debug|Any CPU
		{28D917C6-BB4D-4064-AF0B-1978AC477C96}.Debug|Any CPU.Build.0 = Debug|Any CPU
		{28D917C6-BB4D-4064-AF0B-1978AC477C96}.Release|Any CPU.ActiveCfg = Release|Any CPU
		{28D917C6-BB4D-4064-AF0B-1978AC477C96}.Release|Any CPU.Build.0 = Release|Any CPU
		{2706AB23-A32E-4D4C-B2A2-AE0FE36F4973}.Debug|Any CPU.ActiveCfg = Debug|Any CPU
		{2706AB23-A32E-4D4C-B2A2-AE0FE36F4973}.Debug|Any CPU.Build.0 = Debug|Any CPU
		{2706AB23-A32E-4D4C-B2A2-AE0FE36F4973}.Release|Any CPU.ActiveCfg = Release|Any CPU
		{2706AB23-A32E-4D4C-B2A2-AE0FE36F4973}.Release|Any CPU.Build.0 = Release|Any CPU
		{40F083E3-9524-4E5F-8036-DCE1FC3C504A}.Debug|Any CPU.ActiveCfg = Debug|Any CPU
		{40F083E3-9524-4E5F-8036-DCE1FC3C504A}.Debug|Any CPU.Build.0 = Debug|Any CPU
		{40F083E3-9524-4E5F-8036-DCE1FC3C504A}.Release|Any CPU.ActiveCfg = Release|Any CPU
		{40F083E3-9524-4E5F-8036-DCE1FC3C504A}.Release|Any CPU.Build.0 = Release|Any CPU
		{31EB1A18-C45A-47B3-A269-D0A5AB1FB084}.Debug|Any CPU.ActiveCfg = Debug|Any CPU
		{31EB1A18-C45A-47B3-A269-D0A5AB1FB084}.Debug|Any CPU.Build.0 = Debug|Any CPU
		{31EB1A18-C45A-47B3-A269-D0A5AB1FB084}.Release|Any CPU.ActiveCfg = Release|Any CPU
		{31EB1A18-C45A-47B3-A269-D0A5AB1FB084}.Release|Any CPU.Build.0 = Release|Any CPU
		{D6B1F5AB-E402-48DA-A62A-8D8067621FD9}.Debug|Any CPU.ActiveCfg = Debug|Any CPU
		{D6B1F5AB-E402-48DA-A62A-8D8067621FD9}.Debug|Any CPU.Build.0 = Debug|Any CPU
		{D6B1F5AB-E402-48DA-A62A-8D8067621FD9}.Release|Any CPU.ActiveCfg = Release|Any CPU
		{D6B1F5AB-E402-48DA-A62A-8D8067621FD9}.Release|Any CPU.Build.0 = Release|Any CPU
		{06EFB13E-B092-49E1-A02D-E530BF745CD6}.Debug|Any CPU.ActiveCfg = Debug|Any CPU
		{06EFB13E-B092-49E1-A02D-E530BF745CD6}.Debug|Any CPU.Build.0 = Debug|Any CPU
		{06EFB13E-B092-49E1-A02D-E530BF745CD6}.Release|Any CPU.ActiveCfg = Release|Any CPU
		{06EFB13E-B092-49E1-A02D-E530BF745CD6}.Release|Any CPU.Build.0 = Release|Any CPU
		{15A500B6-7022-4811-B295-FD12C086D956}.Debug|Any CPU.ActiveCfg = Debug|Any CPU
		{15A500B6-7022-4811-B295-FD12C086D956}.Debug|Any CPU.Build.0 = Debug|Any CPU
		{15A500B6-7022-4811-B295-FD12C086D956}.Release|Any CPU.ActiveCfg = Release|Any CPU
		{15A500B6-7022-4811-B295-FD12C086D956}.Release|Any CPU.Build.0 = Release|Any CPU
		{DF051B22-197E-4CC8-A9C3-61E060D84EAD}.Debug|Any CPU.ActiveCfg = Debug|Any CPU
		{DF051B22-197E-4CC8-A9C3-61E060D84EAD}.Debug|Any CPU.Build.0 = Debug|Any CPU
		{DF051B22-197E-4CC8-A9C3-61E060D84EAD}.Release|Any CPU.ActiveCfg = Release|Any CPU
		{DF051B22-197E-4CC8-A9C3-61E060D84EAD}.Release|Any CPU.Build.0 = Release|Any CPU
		{E54AF489-0637-421B-9720-E495DACA9740}.Debug|Any CPU.ActiveCfg = Debug|Any CPU
		{E54AF489-0637-421B-9720-E495DACA9740}.Debug|Any CPU.Build.0 = Debug|Any CPU
		{E54AF489-0637-421B-9720-E495DACA9740}.Release|Any CPU.ActiveCfg = Release|Any CPU
		{E54AF489-0637-421B-9720-E495DACA9740}.Release|Any CPU.Build.0 = Release|Any CPU
		{FEE29ACE-A498-446E-B36A-C894ED6BEF39}.Debug|Any CPU.ActiveCfg = Debug|Any CPU
		{FEE29ACE-A498-446E-B36A-C894ED6BEF39}.Debug|Any CPU.Build.0 = Debug|Any CPU
		{FEE29ACE-A498-446E-B36A-C894ED6BEF39}.Release|Any CPU.ActiveCfg = Release|Any CPU
		{FEE29ACE-A498-446E-B36A-C894ED6BEF39}.Release|Any CPU.Build.0 = Release|Any CPU
		{1C934B74-92A1-4683-AA75-51E0AB0120BA}.Debug|Any CPU.ActiveCfg = Debug|Any CPU
		{1C934B74-92A1-4683-AA75-51E0AB0120BA}.Debug|Any CPU.Build.0 = Debug|Any CPU
		{1C934B74-92A1-4683-AA75-51E0AB0120BA}.Release|Any CPU.ActiveCfg = Release|Any CPU
		{1C934B74-92A1-4683-AA75-51E0AB0120BA}.Release|Any CPU.Build.0 = Release|Any CPU
		{1C85F1CB-B801-49CF-9A0F-4D5E8716C251}.Debug|Any CPU.ActiveCfg = Debug|Any CPU
		{1C85F1CB-B801-49CF-9A0F-4D5E8716C251}.Debug|Any CPU.Build.0 = Debug|Any CPU
		{1C85F1CB-B801-49CF-9A0F-4D5E8716C251}.Release|Any CPU.ActiveCfg = Release|Any CPU
		{1C85F1CB-B801-49CF-9A0F-4D5E8716C251}.Release|Any CPU.Build.0 = Release|Any CPU
		{A0A35C26-635D-46CD-8FE5-7BF7172415CF}.Debug|Any CPU.ActiveCfg = Debug|Any CPU
		{A0A35C26-635D-46CD-8FE5-7BF7172415CF}.Debug|Any CPU.Build.0 = Debug|Any CPU
		{A0A35C26-635D-46CD-8FE5-7BF7172415CF}.Release|Any CPU.ActiveCfg = Release|Any CPU
		{A0A35C26-635D-46CD-8FE5-7BF7172415CF}.Release|Any CPU.Build.0 = Release|Any CPU
		{99E7B0C1-012B-4B12-8BA1-B670F75B8B2E}.Debug|Any CPU.ActiveCfg = Debug|Any CPU
		{99E7B0C1-012B-4B12-8BA1-B670F75B8B2E}.Debug|Any CPU.Build.0 = Debug|Any CPU
		{99E7B0C1-012B-4B12-8BA1-B670F75B8B2E}.Release|Any CPU.ActiveCfg = Release|Any CPU
		{99E7B0C1-012B-4B12-8BA1-B670F75B8B2E}.Release|Any CPU.Build.0 = Release|Any CPU
		{131BBC71-84B9-4731-8E71-588738C8A8F6}.Debug|Any CPU.ActiveCfg = Debug|Any CPU
		{131BBC71-84B9-4731-8E71-588738C8A8F6}.Debug|Any CPU.Build.0 = Debug|Any CPU
		{131BBC71-84B9-4731-8E71-588738C8A8F6}.Release|Any CPU.ActiveCfg = Release|Any CPU
		{131BBC71-84B9-4731-8E71-588738C8A8F6}.Release|Any CPU.Build.0 = Release|Any CPU
		{0E328279-A2EA-40B6-B8F6-0BBD4CE55308}.Debug|Any CPU.ActiveCfg = Debug|Any CPU
		{0E328279-A2EA-40B6-B8F6-0BBD4CE55308}.Debug|Any CPU.Build.0 = Debug|Any CPU
		{0E328279-A2EA-40B6-B8F6-0BBD4CE55308}.Release|Any CPU.ActiveCfg = Release|Any CPU
		{0E328279-A2EA-40B6-B8F6-0BBD4CE55308}.Release|Any CPU.Build.0 = Release|Any CPU
		{E9ADFD5F-578E-4594-B8F2-CDAFE9C4BE1D}.Debug|Any CPU.ActiveCfg = Debug|Any CPU
		{E9ADFD5F-578E-4594-B8F2-CDAFE9C4BE1D}.Debug|Any CPU.Build.0 = Debug|Any CPU
		{E9ADFD5F-578E-4594-B8F2-CDAFE9C4BE1D}.Release|Any CPU.ActiveCfg = Release|Any CPU
		{E9ADFD5F-578E-4594-B8F2-CDAFE9C4BE1D}.Release|Any CPU.Build.0 = Release|Any CPU
		{5F70D050-5511-4009-90AE-FC1BD032C396}.Debug|Any CPU.ActiveCfg = Debug|Any CPU
		{5F70D050-5511-4009-90AE-FC1BD032C396}.Debug|Any CPU.Build.0 = Debug|Any CPU
		{5F70D050-5511-4009-90AE-FC1BD032C396}.Release|Any CPU.ActiveCfg = Release|Any CPU
		{5F70D050-5511-4009-90AE-FC1BD032C396}.Release|Any CPU.Build.0 = Release|Any CPU
		{DCE5A7F0-8832-400B-BFA0-75756E8CEC87}.Debug|Any CPU.ActiveCfg = Debug|Any CPU
		{DCE5A7F0-8832-400B-BFA0-75756E8CEC87}.Debug|Any CPU.Build.0 = Debug|Any CPU
		{DCE5A7F0-8832-400B-BFA0-75756E8CEC87}.Release|Any CPU.ActiveCfg = Release|Any CPU
		{DCE5A7F0-8832-400B-BFA0-75756E8CEC87}.Release|Any CPU.Build.0 = Release|Any CPU
		{1338DC92-11FD-402D-9CD0-E020B53EAABD}.Debug|Any CPU.ActiveCfg = Debug|Any CPU
		{1338DC92-11FD-402D-9CD0-E020B53EAABD}.Debug|Any CPU.Build.0 = Debug|Any CPU
		{1338DC92-11FD-402D-9CD0-E020B53EAABD}.Release|Any CPU.ActiveCfg = Release|Any CPU
		{1338DC92-11FD-402D-9CD0-E020B53EAABD}.Release|Any CPU.Build.0 = Release|Any CPU
		{97928591-9E4D-403D-AA0D-34B363F0BE19}.Debug|Any CPU.ActiveCfg = Debug|Any CPU
		{97928591-9E4D-403D-AA0D-34B363F0BE19}.Debug|Any CPU.Build.0 = Debug|Any CPU
		{97928591-9E4D-403D-AA0D-34B363F0BE19}.Release|Any CPU.ActiveCfg = Release|Any CPU
		{97928591-9E4D-403D-AA0D-34B363F0BE19}.Release|Any CPU.Build.0 = Release|Any CPU
		{9D3EAF67-A054-467E-95DF-41639B1E0C51}.Debug|Any CPU.ActiveCfg = Debug|Any CPU
		{9D3EAF67-A054-467E-95DF-41639B1E0C51}.Debug|Any CPU.Build.0 = Debug|Any CPU
		{9D3EAF67-A054-467E-95DF-41639B1E0C51}.Release|Any CPU.ActiveCfg = Release|Any CPU
		{9D3EAF67-A054-467E-95DF-41639B1E0C51}.Release|Any CPU.Build.0 = Release|Any CPU
		{FA34558A-B463-414D-9DBD-AB2248DE3F85}.Debug|Any CPU.ActiveCfg = Debug|Any CPU
		{FA34558A-B463-414D-9DBD-AB2248DE3F85}.Debug|Any CPU.Build.0 = Debug|Any CPU
		{FA34558A-B463-414D-9DBD-AB2248DE3F85}.Release|Any CPU.ActiveCfg = Release|Any CPU
		{FA34558A-B463-414D-9DBD-AB2248DE3F85}.Release|Any CPU.Build.0 = Release|Any CPU
		{204866E4-77B3-42B0-91BD-391BB6DA1DCF}.Debug|Any CPU.ActiveCfg = Debug|Any CPU
		{204866E4-77B3-42B0-91BD-391BB6DA1DCF}.Debug|Any CPU.Build.0 = Debug|Any CPU
		{204866E4-77B3-42B0-91BD-391BB6DA1DCF}.Release|Any CPU.ActiveCfg = Release|Any CPU
		{204866E4-77B3-42B0-91BD-391BB6DA1DCF}.Release|Any CPU.Build.0 = Release|Any CPU
		{51B2C782-72F6-4DC1-8D8F-35B95DD75211}.Debug|Any CPU.ActiveCfg = Debug|Any CPU
		{51B2C782-72F6-4DC1-8D8F-35B95DD75211}.Debug|Any CPU.Build.0 = Debug|Any CPU
		{51B2C782-72F6-4DC1-8D8F-35B95DD75211}.Release|Any CPU.ActiveCfg = Release|Any CPU
		{51B2C782-72F6-4DC1-8D8F-35B95DD75211}.Release|Any CPU.Build.0 = Release|Any CPU
		{B6A7144A-3C38-45D3-965E-7FA41C646E96}.Debug|Any CPU.ActiveCfg = Debug|Any CPU
		{B6A7144A-3C38-45D3-965E-7FA41C646E96}.Debug|Any CPU.Build.0 = Debug|Any CPU
		{B6A7144A-3C38-45D3-965E-7FA41C646E96}.Release|Any CPU.ActiveCfg = Release|Any CPU
		{B6A7144A-3C38-45D3-965E-7FA41C646E96}.Release|Any CPU.Build.0 = Release|Any CPU
	EndGlobalSection
	GlobalSection(SolutionProperties) = preSolution
		HideSolutionNode = FALSE
	EndGlobalSection
	GlobalSection(NestedProjects) = preSolution
		{28D917C6-BB4D-4064-AF0B-1978AC477C96} = {A0F90A99-CAD3-491F-9079-D1680D659A9B}
		{2706AB23-A32E-4D4C-B2A2-AE0FE36F4973} = {A0F90A99-CAD3-491F-9079-D1680D659A9B}
		{40F083E3-9524-4E5F-8036-DCE1FC3C504A} = {A0F90A99-CAD3-491F-9079-D1680D659A9B}
		{DEE9CA98-802A-4F8F-B9D7-2AE2758BA21F} = {CB8885DA-CA9C-41C5-A427-3D186A49FAC4}
		{31EB1A18-C45A-47B3-A269-D0A5AB1FB084} = {C9ECAC4A-177D-421F-9C8D-7C12E2BEBA72}
		{D6B1F5AB-E402-48DA-A62A-8D8067621FD9} = {C9ECAC4A-177D-421F-9C8D-7C12E2BEBA72}
		{06EFB13E-B092-49E1-A02D-E530BF745CD6} = {C9ECAC4A-177D-421F-9C8D-7C12E2BEBA72}
		{15A500B6-7022-4811-B295-FD12C086D956} = {C9ECAC4A-177D-421F-9C8D-7C12E2BEBA72}
		{DF051B22-197E-4CC8-A9C3-61E060D84EAD} = {C9ECAC4A-177D-421F-9C8D-7C12E2BEBA72}
		{E54AF489-0637-421B-9720-E495DACA9740} = {C9ECAC4A-177D-421F-9C8D-7C12E2BEBA72}
		{FEE29ACE-A498-446E-B36A-C894ED6BEF39} = {C9ECAC4A-177D-421F-9C8D-7C12E2BEBA72}
		{1C934B74-92A1-4683-AA75-51E0AB0120BA} = {C9ECAC4A-177D-421F-9C8D-7C12E2BEBA72}
		{1C85F1CB-B801-49CF-9A0F-4D5E8716C251} = {C9ECAC4A-177D-421F-9C8D-7C12E2BEBA72}
		{A0A35C26-635D-46CD-8FE5-7BF7172415CF} = {C9ECAC4A-177D-421F-9C8D-7C12E2BEBA72}
		{99E7B0C1-012B-4B12-8BA1-B670F75B8B2E} = {C9ECAC4A-177D-421F-9C8D-7C12E2BEBA72}
		{131BBC71-84B9-4731-8E71-588738C8A8F6} = {C9ECAC4A-177D-421F-9C8D-7C12E2BEBA72}
		{0E328279-A2EA-40B6-B8F6-0BBD4CE55308} = {C9ECAC4A-177D-421F-9C8D-7C12E2BEBA72}
		{E9ADFD5F-578E-4594-B8F2-CDAFE9C4BE1D} = {C9ECAC4A-177D-421F-9C8D-7C12E2BEBA72}
		{0F86D748-1E5B-4551-8872-C3C93BE5EE0B} = {32C550EA-409E-409D-8183-3E1B6F7B1FF4}
		{5F70D050-5511-4009-90AE-FC1BD032C396} = {A0F90A99-CAD3-491F-9079-D1680D659A9B}
		{DCE5A7F0-8832-400B-BFA0-75756E8CEC87} = {A0F90A99-CAD3-491F-9079-D1680D659A9B}
		{1338DC92-11FD-402D-9CD0-E020B53EAABD} = {C9ECAC4A-177D-421F-9C8D-7C12E2BEBA72}
		{97928591-9E4D-403D-AA0D-34B363F0BE19} = {C9ECAC4A-177D-421F-9C8D-7C12E2BEBA72}
		{9D3EAF67-A054-467E-95DF-41639B1E0C51} = {C9ECAC4A-177D-421F-9C8D-7C12E2BEBA72}
		{FA34558A-B463-414D-9DBD-AB2248DE3F85} = {C9ECAC4A-177D-421F-9C8D-7C12E2BEBA72}
		{204866E4-77B3-42B0-91BD-391BB6DA1DCF} = {C9ECAC4A-177D-421F-9C8D-7C12E2BEBA72}
		{51B2C782-72F6-4DC1-8D8F-35B95DD75211} = {C9ECAC4A-177D-421F-9C8D-7C12E2BEBA72}
		{B6A7144A-3C38-45D3-965E-7FA41C646E96} = {C9ECAC4A-177D-421F-9C8D-7C12E2BEBA72}
	EndGlobalSection
	GlobalSection(ExtensibilityGlobals) = postSolution
		SolutionGuid = {277B7E0A-BA8E-4DF8-ABD5-890801FC76F8}
	EndGlobalSection
EndGlobal
