
Microsoft Visual Studio Solution File, Format Version 12.00
# Visual Studio Version 16
VisualStudioVersion = 16.0.30615.102
MinimumVisualStudioVersion = 10.0.40219.1
Project("{9A19103F-16F7-4668-BE54-9A1E7A4F7556}") = "N8T.Domain", "src\BasicBuildingBlocks\N8T.Domain\N8T.Domain.csproj", "{FECC516E-9515-4D8B-8830-F84402A4ADC1}"
EndProject
Project("{2150E333-8FDC-42A3-9474-1A3956D46DE8}") = "BasicBuildingBlocks", "BasicBuildingBlocks", "{910CE8A9-D0E5-47D6-803C-B0229945843D}"
EndProject
Project("{9A19103F-16F7-4668-BE54-9A1E7A4F7556}") = "N8T.Infrastructure", "src\BasicBuildingBlocks\N8T.Infrastructure\N8T.Infrastructure.csproj", "{A2C66696-86F7-442B-A925-F9E41D473FBD}"
EndProject
Project("{9A19103F-16F7-4668-BE54-9A1E7A4F7556}") = "N8T.Infrastructure.EfCore", "src\BasicBuildingBlocks\N8T.Infrastructure.EfCore\N8T.Infrastructure.EfCore.csproj", "{A382039D-224B-4AF2-AAA3-BCF54B5409E6}"
EndProject
Project("{9A19103F-16F7-4668-BE54-9A1E7A4F7556}") = "N8T.Infrastructure.OTel", "src\BasicBuildingBlocks\N8T.Infrastructure.OTel\N8T.Infrastructure.OTel.csproj", "{5FF2D2CD-6FA3-4587-8079-7454F047F8C9}"
EndProject
Project("{2150E333-8FDC-42A3-9474-1A3956D46DE8}") = "Services", "Services", "{A1EF536D-91C0-4A22-8B87-1446990C5DBA}"
EndProject
Project("{2150E333-8FDC-42A3-9474-1A3956D46DE8}") = "BFFs", "BFFs", "{F81FC947-4BE4-406F-8460-9490B35F4A3F}"
EndProject
Project("{9A19103F-16F7-4668-BE54-9A1E7A4F7556}") = "WebApiGateway", "src\BFFs\WebApiGateway\WebApiGateway.csproj", "{64FE39F3-7962-4F0C-9F59-C45071AF53C9}"
EndProject
Project("{2150E333-8FDC-42A3-9474-1A3956D46DE8}") = "Identity", "Identity", "{B226CAFA-5E7A-4CB2-9142-3F998DD9A8BC}"
EndProject
Project("{9A19103F-16F7-4668-BE54-9A1E7A4F7556}") = "IdentityService", "src\Services\Identity\IdentityService\IdentityService.csproj", "{26787E7A-2792-499E-B971-B01303DB458B}"
EndProject
Project("{2150E333-8FDC-42A3-9474-1A3956D46DE8}") = "ProductCatalog", "ProductCatalog", "{4EE417A4-72C3-4D49-9293-66D917A5583A}"
EndProject
Project("{2150E333-8FDC-42A3-9474-1A3956D46DE8}") = "Inventory", "Inventory", "{CB709425-60CC-4280-89BE-00206E6C0739}"
EndProject
Project("{2150E333-8FDC-42A3-9474-1A3956D46DE8}") = "ShoppingCart", "ShoppingCart", "{61BFCA24-D94C-4B5C-835D-AF05823AE92E}"
EndProject
Project("{9A19103F-16F7-4668-BE54-9A1E7A4F7556}") = "InventoryService", "src\Services\Inventory\InventoryService\InventoryService.csproj", "{90D8C36C-2736-42D5-899E-D1B4382ECEA3}"
EndProject
Project("{9A19103F-16F7-4668-BE54-9A1E7A4F7556}") = "InventoryService.Api", "src\Services\Inventory\InventoryService.Api\InventoryService.Api.csproj", "{1144D698-9F1F-457F-9902-10668ADA9A23}"
EndProject
Project("{9A19103F-16F7-4668-BE54-9A1E7A4F7556}") = "ProductCatalogService", "src\Services\ProductCatalog\ProductCatalogService\ProductCatalogService.csproj", "{E36E79CD-C856-4B43-81F1-643A9598C990}"
EndProject
Project("{9A19103F-16F7-4668-BE54-9A1E7A4F7556}") = "ProductCatalogService.Api", "src\Services\ProductCatalog\ProductCatalogService.Api\ProductCatalogService.Api.csproj", "{90538AC8-AA9B-4123-9995-F21D6A96DA0C}"
EndProject
Project("{9A19103F-16F7-4668-BE54-9A1E7A4F7556}") = "ShoppingCartService.Api", "src\Services\ShoppingCart\ShoppingCartService.Api\ShoppingCartService.Api.csproj", "{A45B2CE7-3F9F-4191-9665-0A07EAE0FC1C}"
EndProject
Project("{9A19103F-16F7-4668-BE54-9A1E7A4F7556}") = "ShoppingCartService", "src\Services\ShoppingCart\ShoppingCartService\ShoppingCartService.csproj", "{238BE170-2E63-4043-BBC0-F626CF51F3CE}"
EndProject
Project("{9A19103F-16F7-4668-BE54-9A1E7A4F7556}") = "N8T.Infrastructure.App", "src\BasicBuildingBlocks\N8T.Infrastructure.App\N8T.Infrastructure.App.csproj", "{065E5D9F-46A7-49D9-A4E6-64F720617930}"
EndProject
Project("{2150E333-8FDC-42A3-9474-1A3956D46DE8}") = "__", "__", "{4083ACF6-1BAC-4D80-8B65-7984A540E7E6}"
	ProjectSection(SolutionItems) = preProject
		.dockerignore = .dockerignore
		.editorconfig = .editorconfig
		.gitattributes = .gitattributes
		.gitignore = .gitignore
		docker-compose.override.yml = docker-compose.override.yml
		docker-compose.yml = docker-compose.yml
		NuGet.config = NuGet.config
		restclient.http = restclient.http
		tye.slim.yaml = tye.slim.yaml
		tye.yaml = tye.yaml
	EndProjectSection
EndProject
Project("{2150E333-8FDC-42A3-9474-1A3956D46DE8}") = "Sale", "Sale", "{0818AFB5-6126-4C6D-8496-568A468AA881}"
EndProject
Project("{FAE04EC0-301F-11D3-BF4B-00C04F79EFBC}") = "SaleService", "src\Services\Sale\SaleService\SaleService.csproj", "{F1579313-6888-40DD-9EC4-4A165A783D3B}"
EndProject
Project("{FAE04EC0-301F-11D3-BF4B-00C04F79EFBC}") = "SaleService.Api", "src\Services\Sale\SaleService.Api\SaleService.Api.csproj", "{F9512D94-F1E9-4781-A12C-D045B92427F3}"
EndProject
Global
	GlobalSection(SolutionConfigurationPlatforms) = preSolution
		Debug|Any CPU = Debug|Any CPU
		Release|Any CPU = Release|Any CPU
	EndGlobalSection
	GlobalSection(ProjectConfigurationPlatforms) = postSolution
		{FECC516E-9515-4D8B-8830-F84402A4ADC1}.Debug|Any CPU.ActiveCfg = Debug|Any CPU
		{FECC516E-9515-4D8B-8830-F84402A4ADC1}.Debug|Any CPU.Build.0 = Debug|Any CPU
		{FECC516E-9515-4D8B-8830-F84402A4ADC1}.Release|Any CPU.ActiveCfg = Release|Any CPU
		{FECC516E-9515-4D8B-8830-F84402A4ADC1}.Release|Any CPU.Build.0 = Release|Any CPU
		{A2C66696-86F7-442B-A925-F9E41D473FBD}.Debug|Any CPU.ActiveCfg = Debug|Any CPU
		{A2C66696-86F7-442B-A925-F9E41D473FBD}.Debug|Any CPU.Build.0 = Debug|Any CPU
		{A2C66696-86F7-442B-A925-F9E41D473FBD}.Release|Any CPU.ActiveCfg = Release|Any CPU
		{A2C66696-86F7-442B-A925-F9E41D473FBD}.Release|Any CPU.Build.0 = Release|Any CPU
		{A382039D-224B-4AF2-AAA3-BCF54B5409E6}.Debug|Any CPU.ActiveCfg = Debug|Any CPU
		{A382039D-224B-4AF2-AAA3-BCF54B5409E6}.Debug|Any CPU.Build.0 = Debug|Any CPU
		{A382039D-224B-4AF2-AAA3-BCF54B5409E6}.Release|Any CPU.ActiveCfg = Release|Any CPU
		{A382039D-224B-4AF2-AAA3-BCF54B5409E6}.Release|Any CPU.Build.0 = Release|Any CPU
		{5FF2D2CD-6FA3-4587-8079-7454F047F8C9}.Debug|Any CPU.ActiveCfg = Debug|Any CPU
		{5FF2D2CD-6FA3-4587-8079-7454F047F8C9}.Debug|Any CPU.Build.0 = Debug|Any CPU
		{5FF2D2CD-6FA3-4587-8079-7454F047F8C9}.Release|Any CPU.ActiveCfg = Release|Any CPU
		{5FF2D2CD-6FA3-4587-8079-7454F047F8C9}.Release|Any CPU.Build.0 = Release|Any CPU
		{64FE39F3-7962-4F0C-9F59-C45071AF53C9}.Debug|Any CPU.ActiveCfg = Debug|Any CPU
		{64FE39F3-7962-4F0C-9F59-C45071AF53C9}.Debug|Any CPU.Build.0 = Debug|Any CPU
		{64FE39F3-7962-4F0C-9F59-C45071AF53C9}.Release|Any CPU.ActiveCfg = Release|Any CPU
		{64FE39F3-7962-4F0C-9F59-C45071AF53C9}.Release|Any CPU.Build.0 = Release|Any CPU
		{26787E7A-2792-499E-B971-B01303DB458B}.Debug|Any CPU.ActiveCfg = Debug|Any CPU
		{26787E7A-2792-499E-B971-B01303DB458B}.Debug|Any CPU.Build.0 = Debug|Any CPU
		{26787E7A-2792-499E-B971-B01303DB458B}.Release|Any CPU.ActiveCfg = Release|Any CPU
		{26787E7A-2792-499E-B971-B01303DB458B}.Release|Any CPU.Build.0 = Release|Any CPU
		{90D8C36C-2736-42D5-899E-D1B4382ECEA3}.Debug|Any CPU.ActiveCfg = Debug|Any CPU
		{90D8C36C-2736-42D5-899E-D1B4382ECEA3}.Debug|Any CPU.Build.0 = Debug|Any CPU
		{90D8C36C-2736-42D5-899E-D1B4382ECEA3}.Release|Any CPU.ActiveCfg = Release|Any CPU
		{90D8C36C-2736-42D5-899E-D1B4382ECEA3}.Release|Any CPU.Build.0 = Release|Any CPU
		{1144D698-9F1F-457F-9902-10668ADA9A23}.Debug|Any CPU.ActiveCfg = Debug|Any CPU
		{1144D698-9F1F-457F-9902-10668ADA9A23}.Debug|Any CPU.Build.0 = Debug|Any CPU
		{1144D698-9F1F-457F-9902-10668ADA9A23}.Release|Any CPU.ActiveCfg = Release|Any CPU
		{1144D698-9F1F-457F-9902-10668ADA9A23}.Release|Any CPU.Build.0 = Release|Any CPU
		{E36E79CD-C856-4B43-81F1-643A9598C990}.Debug|Any CPU.ActiveCfg = Debug|Any CPU
		{E36E79CD-C856-4B43-81F1-643A9598C990}.Debug|Any CPU.Build.0 = Debug|Any CPU
		{E36E79CD-C856-4B43-81F1-643A9598C990}.Release|Any CPU.ActiveCfg = Release|Any CPU
		{E36E79CD-C856-4B43-81F1-643A9598C990}.Release|Any CPU.Build.0 = Release|Any CPU
		{90538AC8-AA9B-4123-9995-F21D6A96DA0C}.Debug|Any CPU.ActiveCfg = Debug|Any CPU
		{90538AC8-AA9B-4123-9995-F21D6A96DA0C}.Debug|Any CPU.Build.0 = Debug|Any CPU
		{90538AC8-AA9B-4123-9995-F21D6A96DA0C}.Release|Any CPU.ActiveCfg = Release|Any CPU
		{90538AC8-AA9B-4123-9995-F21D6A96DA0C}.Release|Any CPU.Build.0 = Release|Any CPU
		{A45B2CE7-3F9F-4191-9665-0A07EAE0FC1C}.Debug|Any CPU.ActiveCfg = Debug|Any CPU
		{A45B2CE7-3F9F-4191-9665-0A07EAE0FC1C}.Debug|Any CPU.Build.0 = Debug|Any CPU
		{A45B2CE7-3F9F-4191-9665-0A07EAE0FC1C}.Release|Any CPU.ActiveCfg = Release|Any CPU
		{A45B2CE7-3F9F-4191-9665-0A07EAE0FC1C}.Release|Any CPU.Build.0 = Release|Any CPU
		{238BE170-2E63-4043-BBC0-F626CF51F3CE}.Debug|Any CPU.ActiveCfg = Debug|Any CPU
		{238BE170-2E63-4043-BBC0-F626CF51F3CE}.Debug|Any CPU.Build.0 = Debug|Any CPU
		{238BE170-2E63-4043-BBC0-F626CF51F3CE}.Release|Any CPU.ActiveCfg = Release|Any CPU
		{238BE170-2E63-4043-BBC0-F626CF51F3CE}.Release|Any CPU.Build.0 = Release|Any CPU
		{065E5D9F-46A7-49D9-A4E6-64F720617930}.Debug|Any CPU.ActiveCfg = Debug|Any CPU
		{065E5D9F-46A7-49D9-A4E6-64F720617930}.Debug|Any CPU.Build.0 = Debug|Any CPU
		{065E5D9F-46A7-49D9-A4E6-64F720617930}.Release|Any CPU.ActiveCfg = Release|Any CPU
		{065E5D9F-46A7-49D9-A4E6-64F720617930}.Release|Any CPU.Build.0 = Release|Any CPU
		{F1579313-6888-40DD-9EC4-4A165A783D3B}.Debug|Any CPU.ActiveCfg = Debug|Any CPU
		{F1579313-6888-40DD-9EC4-4A165A783D3B}.Debug|Any CPU.Build.0 = Debug|Any CPU
		{F1579313-6888-40DD-9EC4-4A165A783D3B}.Release|Any CPU.ActiveCfg = Release|Any CPU
		{F1579313-6888-40DD-9EC4-4A165A783D3B}.Release|Any CPU.Build.0 = Release|Any CPU
		{F9512D94-F1E9-4781-A12C-D045B92427F3}.Debug|Any CPU.ActiveCfg = Debug|Any CPU
		{F9512D94-F1E9-4781-A12C-D045B92427F3}.Debug|Any CPU.Build.0 = Debug|Any CPU
		{F9512D94-F1E9-4781-A12C-D045B92427F3}.Release|Any CPU.ActiveCfg = Release|Any CPU
		{F9512D94-F1E9-4781-A12C-D045B92427F3}.Release|Any CPU.Build.0 = Release|Any CPU
	EndGlobalSection
	GlobalSection(SolutionProperties) = preSolution
		HideSolutionNode = FALSE
	EndGlobalSection
	GlobalSection(NestedProjects) = preSolution
		{FECC516E-9515-4D8B-8830-F84402A4ADC1} = {910CE8A9-D0E5-47D6-803C-B0229945843D}
		{A2C66696-86F7-442B-A925-F9E41D473FBD} = {910CE8A9-D0E5-47D6-803C-B0229945843D}
		{A382039D-224B-4AF2-AAA3-BCF54B5409E6} = {910CE8A9-D0E5-47D6-803C-B0229945843D}
		{5FF2D2CD-6FA3-4587-8079-7454F047F8C9} = {910CE8A9-D0E5-47D6-803C-B0229945843D}
		{64FE39F3-7962-4F0C-9F59-C45071AF53C9} = {F81FC947-4BE4-406F-8460-9490B35F4A3F}
		{B226CAFA-5E7A-4CB2-9142-3F998DD9A8BC} = {A1EF536D-91C0-4A22-8B87-1446990C5DBA}
		{26787E7A-2792-499E-B971-B01303DB458B} = {B226CAFA-5E7A-4CB2-9142-3F998DD9A8BC}
		{4EE417A4-72C3-4D49-9293-66D917A5583A} = {A1EF536D-91C0-4A22-8B87-1446990C5DBA}
		{CB709425-60CC-4280-89BE-00206E6C0739} = {A1EF536D-91C0-4A22-8B87-1446990C5DBA}
		{61BFCA24-D94C-4B5C-835D-AF05823AE92E} = {A1EF536D-91C0-4A22-8B87-1446990C5DBA}
		{90D8C36C-2736-42D5-899E-D1B4382ECEA3} = {CB709425-60CC-4280-89BE-00206E6C0739}
		{1144D698-9F1F-457F-9902-10668ADA9A23} = {CB709425-60CC-4280-89BE-00206E6C0739}
		{E36E79CD-C856-4B43-81F1-643A9598C990} = {4EE417A4-72C3-4D49-9293-66D917A5583A}
		{90538AC8-AA9B-4123-9995-F21D6A96DA0C} = {4EE417A4-72C3-4D49-9293-66D917A5583A}
		{A45B2CE7-3F9F-4191-9665-0A07EAE0FC1C} = {61BFCA24-D94C-4B5C-835D-AF05823AE92E}
		{238BE170-2E63-4043-BBC0-F626CF51F3CE} = {61BFCA24-D94C-4B5C-835D-AF05823AE92E}
		{065E5D9F-46A7-49D9-A4E6-64F720617930} = {910CE8A9-D0E5-47D6-803C-B0229945843D}
		{0818AFB5-6126-4C6D-8496-568A468AA881} = {A1EF536D-91C0-4A22-8B87-1446990C5DBA}
		{F1579313-6888-40DD-9EC4-4A165A783D3B} = {0818AFB5-6126-4C6D-8496-568A468AA881}
		{F9512D94-F1E9-4781-A12C-D045B92427F3} = {0818AFB5-6126-4C6D-8496-568A468AA881}
	EndGlobalSection
	GlobalSection(ExtensibilityGlobals) = postSolution
		SolutionGuid = {80904FD3-1C9A-43F5-AB8A-11027B81FFC6}
	EndGlobalSection
EndGlobal
