
Microsoft Visual Studio Solution File, Format Version 12.00
# Visual Studio Version 16
VisualStudioVersion = 16.0.28407.52
MinimumVisualStudioVersion = 10.0.40219.1
Project("{2150E333-8FDC-42A3-9474-1A3956D46DE8}") = "_", "_", "{CB8885DA-CA9C-41C5-A427-3D186A49FAC4}"
	ProjectSection(SolutionItems) = preProject
		.dockerignore = .dockerignore
		.editorconfig = .editorconfig
		.gitignore = .gitignore
		docker-compose-graphql.dev.yml = docker-compose-graphql.dev.yml
		docker-compose-graphql.headless.yml = docker-compose-graphql.headless.yml
		docker-compose-graphql.yml = docker-compose-graphql.yml
		docker-compose.yml = docker-compose.yml
		global.json = global.json
		LICENSE = LICENSE
		NuGet.config = NuGet.config
		README.md = README.md
	EndProjectSection
EndProject
Project("{2150E333-8FDC-42A3-9474-1A3956D46DE8}") = "BuildingBlocks", "BuildingBlocks", "{26934151-CB68-49E8-8507-0331B86424AC}"
EndProject
Project("{2150E333-8FDC-42A3-9474-1A3956D46DE8}") = "Services", "Services", "{09BCCF6A-4F53-4861-ADE3-C2070E12C3AA}"
EndProject
Project("{2150E333-8FDC-42A3-9474-1A3956D46DE8}") = "Schema", "Schema", "{4B0985A8-C492-464B-9472-FC715FC34154}"
EndProject
Project("{2150E333-8FDC-42A3-9474-1A3956D46DE8}") = "gql", "gql", "{7C8B3C68-2C4B-462E-9D7B-326ED84829F7}"
EndProject
Project("{2150E333-8FDC-42A3-9474-1A3956D46DE8}") = "grpc", "grpc", "{67D8F1E3-5EB3-4C96-8641-E05AEEC0361A}"
EndProject
Project("{2150E333-8FDC-42A3-9474-1A3956D46DE8}") = "v1", "v1", "{BBACAD23-F563-4F74-9925-F9C9F72A3CB0}"
	ProjectSection(SolutionItems) = preProject
		src\schema\grpc\v1\cart.proto = src\schema\grpc\v1\cart.proto
		src\schema\grpc\v1\cart_api.proto = src\schema\grpc\v1\cart_api.proto
		src\schema\grpc\v1\catalog.proto = src\schema\grpc\v1\catalog.proto
		src\schema\grpc\v1\common.proto = src\schema\grpc\v1\common.proto
		src\schema\grpc\v1\inventory.proto = src\schema\grpc\v1\inventory.proto
		src\schema\grpc\v1\rating.proto = src\schema\grpc\v1\rating.proto
	EndProjectSection
EndProject
Project("{2150E333-8FDC-42A3-9474-1A3956D46DE8}") = "Gateways", "Gateways", "{B3221A04-27F2-4D15-A3D5-4D72A04F2139}"
EndProject
Project("{9A19103F-16F7-4668-BE54-9A1E7A4F7556}") = "VND.CoolStore.WebApiGateway", "src\gateways\webapi-gateway\VND.CoolStore.WebApiGateway.csproj", "{C87C9059-60D6-4F09-9AE4-476CAF334E55}"
EndProject
Project("{9A19103F-16F7-4668-BE54-9A1E7A4F7556}") = "CloudNativeKit.Utils", "src\building-blocks\CloudNativeKit.Utils\CloudNativeKit.Utils.csproj", "{DA14D048-4F11-4DFD-8F1B-0B636549DFE5}"
EndProject
Project("{9A19103F-16F7-4668-BE54-9A1E7A4F7556}") = "CloudNativeKit.Domain", "src\building-blocks\CloudNativeKit.Domain\CloudNativeKit.Domain.csproj", "{7DD50A5B-A7DB-4302-A095-6CE311E5DA2F}"
EndProject
Project("{9A19103F-16F7-4668-BE54-9A1E7A4F7556}") = "VND.CoolStore.AccessControl", "src\microservices\access-control-service\VND.CoolStore.AccessControl\VND.CoolStore.AccessControl.csproj", "{99672404-E6E2-41CF-9F97-1C6CC6208424}"
EndProject
Project("{9A19103F-16F7-4668-BE54-9A1E7A4F7556}") = "VND.CoolStore.Inventory", "src\microservices\inventory-service\VND.CoolStore.Inventory\VND.CoolStore.Inventory.csproj", "{BD94A6CB-2541-4167-AB62-9FB4395EC741}"
EndProject
Project("{9A19103F-16F7-4668-BE54-9A1E7A4F7556}") = "VND.CoolStore.ShoppingCart.DataContracts", "src\microservices\shopping-cart-service\VND.CoolStore.ShoppingCart.DataContracts\VND.CoolStore.ShoppingCart.DataContracts.csproj", "{66D75FEF-6DA2-45BA-84E9-36396F3745AA}"
EndProject
Project("{9A19103F-16F7-4668-BE54-9A1E7A4F7556}") = "VND.CoolStore.ShoppingCart.Domain", "src\microservices\shopping-cart-service\VND.CoolStore.ShoppingCart.Domain\VND.CoolStore.ShoppingCart.Domain.csproj", "{D3306AD0-97ED-43A0-B675-7644869EB14E}"
EndProject
Project("{2150E333-8FDC-42A3-9474-1A3956D46DE8}") = "ShoppingCartService", "ShoppingCartService", "{8216B21C-A2EB-4F5B-B20A-1C6A4E72210D}"
EndProject
Project("{9A19103F-16F7-4668-BE54-9A1E7A4F7556}") = "VND.CoolStore.ShoppingCart.AppService", "src\microservices\shopping-cart-service\VND.CoolStore.ShoppingCart.AppService\VND.CoolStore.ShoppingCart.AppService.csproj", "{27633BD0-F2D2-4473-8D70-965D176BEEA2}"
EndProject
Project("{9A19103F-16F7-4668-BE54-9A1E7A4F7556}") = "VND.CoolStore.ShoppingCart.DataPersistence", "src\microservices\shopping-cart-service\VND.CoolStore.ShoppingCart.DataPersistence\VND.CoolStore.ShoppingCart.DataPersistence.csproj", "{847149E1-1806-4ACF-97CF-4D457EA4A4C8}"
EndProject
Project("{9A19103F-16F7-4668-BE54-9A1E7A4F7556}") = "VND.CoolStore.ShoppingCart", "src\microservices\shopping-cart-service\VND.CoolStore.ShoppingCart\VND.CoolStore.ShoppingCart.csproj", "{C3F5F2FA-44C6-4CB6-A4F2-2E16A1F2B509}"
EndProject
Project("{9A19103F-16F7-4668-BE54-9A1E7A4F7556}") = "CloudNativeKit.Infrastructure", "src\building-blocks\CloudNativeKit.Infrastructure\CloudNativeKit.Infrastructure.csproj", "{45BED4D7-EDFC-4FBF-808B-5BC695E366F8}"
EndProject
Project("{9A19103F-16F7-4668-BE54-9A1E7A4F7556}") = "CloudNativeKit.Infrastructure.Bus", "src\building-blocks\CloudNativeKit.Infrastructure.Bus\CloudNativeKit.Infrastructure.Bus.csproj", "{6882828C-AFD5-4C4A-8BD2-76D9170074E2}"
EndProject
Project("{9A19103F-16F7-4668-BE54-9A1E7A4F7556}") = "CloudNativeKit.Infrastructure.DataPersistence", "src\building-blocks\CloudNativeKit.Infrastructure.DataPersistence\CloudNativeKit.Infrastructure.DataPersistence.csproj", "{58A05F8B-9003-4142-92B1-835ED36968D9}"
EndProject
Global
	GlobalSection(SolutionConfigurationPlatforms) = preSolution
		Debug|Any CPU = Debug|Any CPU
		Release|Any CPU = Release|Any CPU
	EndGlobalSection
	GlobalSection(ProjectConfigurationPlatforms) = postSolution
		{C87C9059-60D6-4F09-9AE4-476CAF334E55}.Debug|Any CPU.ActiveCfg = Debug|Any CPU
		{C87C9059-60D6-4F09-9AE4-476CAF334E55}.Debug|Any CPU.Build.0 = Debug|Any CPU
		{C87C9059-60D6-4F09-9AE4-476CAF334E55}.Release|Any CPU.ActiveCfg = Release|Any CPU
		{C87C9059-60D6-4F09-9AE4-476CAF334E55}.Release|Any CPU.Build.0 = Release|Any CPU
		{DA14D048-4F11-4DFD-8F1B-0B636549DFE5}.Debug|Any CPU.ActiveCfg = Debug|Any CPU
		{DA14D048-4F11-4DFD-8F1B-0B636549DFE5}.Debug|Any CPU.Build.0 = Debug|Any CPU
		{DA14D048-4F11-4DFD-8F1B-0B636549DFE5}.Release|Any CPU.ActiveCfg = Release|Any CPU
		{DA14D048-4F11-4DFD-8F1B-0B636549DFE5}.Release|Any CPU.Build.0 = Release|Any CPU
		{7DD50A5B-A7DB-4302-A095-6CE311E5DA2F}.Debug|Any CPU.ActiveCfg = Debug|Any CPU
		{7DD50A5B-A7DB-4302-A095-6CE311E5DA2F}.Debug|Any CPU.Build.0 = Debug|Any CPU
		{7DD50A5B-A7DB-4302-A095-6CE311E5DA2F}.Release|Any CPU.ActiveCfg = Release|Any CPU
		{7DD50A5B-A7DB-4302-A095-6CE311E5DA2F}.Release|Any CPU.Build.0 = Release|Any CPU
		{99672404-E6E2-41CF-9F97-1C6CC6208424}.Debug|Any CPU.ActiveCfg = Debug|Any CPU
		{99672404-E6E2-41CF-9F97-1C6CC6208424}.Debug|Any CPU.Build.0 = Debug|Any CPU
		{99672404-E6E2-41CF-9F97-1C6CC6208424}.Release|Any CPU.ActiveCfg = Release|Any CPU
		{99672404-E6E2-41CF-9F97-1C6CC6208424}.Release|Any CPU.Build.0 = Release|Any CPU
		{BD94A6CB-2541-4167-AB62-9FB4395EC741}.Debug|Any CPU.ActiveCfg = Debug|Any CPU
		{BD94A6CB-2541-4167-AB62-9FB4395EC741}.Debug|Any CPU.Build.0 = Debug|Any CPU
		{BD94A6CB-2541-4167-AB62-9FB4395EC741}.Release|Any CPU.ActiveCfg = Release|Any CPU
		{BD94A6CB-2541-4167-AB62-9FB4395EC741}.Release|Any CPU.Build.0 = Release|Any CPU
		{66D75FEF-6DA2-45BA-84E9-36396F3745AA}.Debug|Any CPU.ActiveCfg = Debug|Any CPU
		{66D75FEF-6DA2-45BA-84E9-36396F3745AA}.Debug|Any CPU.Build.0 = Debug|Any CPU
		{66D75FEF-6DA2-45BA-84E9-36396F3745AA}.Release|Any CPU.ActiveCfg = Release|Any CPU
		{66D75FEF-6DA2-45BA-84E9-36396F3745AA}.Release|Any CPU.Build.0 = Release|Any CPU
		{D3306AD0-97ED-43A0-B675-7644869EB14E}.Debug|Any CPU.ActiveCfg = Debug|Any CPU
		{D3306AD0-97ED-43A0-B675-7644869EB14E}.Debug|Any CPU.Build.0 = Debug|Any CPU
		{D3306AD0-97ED-43A0-B675-7644869EB14E}.Release|Any CPU.ActiveCfg = Release|Any CPU
		{D3306AD0-97ED-43A0-B675-7644869EB14E}.Release|Any CPU.Build.0 = Release|Any CPU
		{27633BD0-F2D2-4473-8D70-965D176BEEA2}.Debug|Any CPU.ActiveCfg = Debug|Any CPU
		{27633BD0-F2D2-4473-8D70-965D176BEEA2}.Debug|Any CPU.Build.0 = Debug|Any CPU
		{27633BD0-F2D2-4473-8D70-965D176BEEA2}.Release|Any CPU.ActiveCfg = Release|Any CPU
		{27633BD0-F2D2-4473-8D70-965D176BEEA2}.Release|Any CPU.Build.0 = Release|Any CPU
		{847149E1-1806-4ACF-97CF-4D457EA4A4C8}.Debug|Any CPU.ActiveCfg = Debug|Any CPU
		{847149E1-1806-4ACF-97CF-4D457EA4A4C8}.Debug|Any CPU.Build.0 = Debug|Any CPU
		{847149E1-1806-4ACF-97CF-4D457EA4A4C8}.Release|Any CPU.ActiveCfg = Release|Any CPU
		{847149E1-1806-4ACF-97CF-4D457EA4A4C8}.Release|Any CPU.Build.0 = Release|Any CPU
		{C3F5F2FA-44C6-4CB6-A4F2-2E16A1F2B509}.Debug|Any CPU.ActiveCfg = Debug|Any CPU
		{C3F5F2FA-44C6-4CB6-A4F2-2E16A1F2B509}.Debug|Any CPU.Build.0 = Debug|Any CPU
		{C3F5F2FA-44C6-4CB6-A4F2-2E16A1F2B509}.Release|Any CPU.ActiveCfg = Release|Any CPU
		{C3F5F2FA-44C6-4CB6-A4F2-2E16A1F2B509}.Release|Any CPU.Build.0 = Release|Any CPU
		{45BED4D7-EDFC-4FBF-808B-5BC695E366F8}.Debug|Any CPU.ActiveCfg = Debug|Any CPU
		{45BED4D7-EDFC-4FBF-808B-5BC695E366F8}.Debug|Any CPU.Build.0 = Debug|Any CPU
		{45BED4D7-EDFC-4FBF-808B-5BC695E366F8}.Release|Any CPU.ActiveCfg = Release|Any CPU
		{45BED4D7-EDFC-4FBF-808B-5BC695E366F8}.Release|Any CPU.Build.0 = Release|Any CPU
		{6882828C-AFD5-4C4A-8BD2-76D9170074E2}.Debug|Any CPU.ActiveCfg = Debug|Any CPU
		{6882828C-AFD5-4C4A-8BD2-76D9170074E2}.Debug|Any CPU.Build.0 = Debug|Any CPU
		{6882828C-AFD5-4C4A-8BD2-76D9170074E2}.Release|Any CPU.ActiveCfg = Release|Any CPU
		{6882828C-AFD5-4C4A-8BD2-76D9170074E2}.Release|Any CPU.Build.0 = Release|Any CPU
		{58A05F8B-9003-4142-92B1-835ED36968D9}.Debug|Any CPU.ActiveCfg = Debug|Any CPU
		{58A05F8B-9003-4142-92B1-835ED36968D9}.Debug|Any CPU.Build.0 = Debug|Any CPU
		{58A05F8B-9003-4142-92B1-835ED36968D9}.Release|Any CPU.ActiveCfg = Release|Any CPU
		{58A05F8B-9003-4142-92B1-835ED36968D9}.Release|Any CPU.Build.0 = Release|Any CPU
	EndGlobalSection
	GlobalSection(SolutionProperties) = preSolution
		HideSolutionNode = FALSE
	EndGlobalSection
	GlobalSection(NestedProjects) = preSolution
		{7C8B3C68-2C4B-462E-9D7B-326ED84829F7} = {4B0985A8-C492-464B-9472-FC715FC34154}
		{67D8F1E3-5EB3-4C96-8641-E05AEEC0361A} = {4B0985A8-C492-464B-9472-FC715FC34154}
		{BBACAD23-F563-4F74-9925-F9C9F72A3CB0} = {67D8F1E3-5EB3-4C96-8641-E05AEEC0361A}
		{C87C9059-60D6-4F09-9AE4-476CAF334E55} = {B3221A04-27F2-4D15-A3D5-4D72A04F2139}
		{DA14D048-4F11-4DFD-8F1B-0B636549DFE5} = {26934151-CB68-49E8-8507-0331B86424AC}
		{7DD50A5B-A7DB-4302-A095-6CE311E5DA2F} = {26934151-CB68-49E8-8507-0331B86424AC}
		{99672404-E6E2-41CF-9F97-1C6CC6208424} = {09BCCF6A-4F53-4861-ADE3-C2070E12C3AA}
		{BD94A6CB-2541-4167-AB62-9FB4395EC741} = {09BCCF6A-4F53-4861-ADE3-C2070E12C3AA}
		{66D75FEF-6DA2-45BA-84E9-36396F3745AA} = {8216B21C-A2EB-4F5B-B20A-1C6A4E72210D}
		{D3306AD0-97ED-43A0-B675-7644869EB14E} = {8216B21C-A2EB-4F5B-B20A-1C6A4E72210D}
		{8216B21C-A2EB-4F5B-B20A-1C6A4E72210D} = {09BCCF6A-4F53-4861-ADE3-C2070E12C3AA}
		{27633BD0-F2D2-4473-8D70-965D176BEEA2} = {8216B21C-A2EB-4F5B-B20A-1C6A4E72210D}
		{847149E1-1806-4ACF-97CF-4D457EA4A4C8} = {8216B21C-A2EB-4F5B-B20A-1C6A4E72210D}
		{C3F5F2FA-44C6-4CB6-A4F2-2E16A1F2B509} = {8216B21C-A2EB-4F5B-B20A-1C6A4E72210D}
		{45BED4D7-EDFC-4FBF-808B-5BC695E366F8} = {26934151-CB68-49E8-8507-0331B86424AC}
		{6882828C-AFD5-4C4A-8BD2-76D9170074E2} = {26934151-CB68-49E8-8507-0331B86424AC}
		{58A05F8B-9003-4142-92B1-835ED36968D9} = {26934151-CB68-49E8-8507-0331B86424AC}
	EndGlobalSection
	GlobalSection(ExtensibilityGlobals) = postSolution
		SolutionGuid = {277B7E0A-BA8E-4DF8-ABD5-890801FC76F8}
	EndGlobalSection
EndGlobal
